// !$*UTF8*$!
{
	archiveVersion = 1;
	classes = {
	};
	objectVersion = 46;
	objects = {

/* Begin PBXBuildFile section */
		85CFACDB1E82F4EC00D50C4C /* AppDelegate.swift in Sources */ = {isa = PBXBuildFile; fileRef = 85CFACDA1E82F4EC00D50C4C /* AppDelegate.swift */; };
		85CFACDD1E82F4EC00D50C4C /* ViewController.swift in Sources */ = {isa = PBXBuildFile; fileRef = 85CFACDC1E82F4EC00D50C4C /* ViewController.swift */; };
		85CFACE01E82F4EC00D50C4C /* Main.storyboard in Resources */ = {isa = PBXBuildFile; fileRef = 85CFACDE1E82F4EC00D50C4C /* Main.storyboard */; };
		85CFACE21E82F4EC00D50C4C /* Assets.xcassets in Resources */ = {isa = PBXBuildFile; fileRef = 85CFACE11E82F4EC00D50C4C /* Assets.xcassets */; };
		85CFACE51E82F4EC00D50C4C /* LaunchScreen.storyboard in Resources */ = {isa = PBXBuildFile; fileRef = 85CFACE31E82F4EC00D50C4C /* LaunchScreen.storyboard */; };
		85CFACEE1E830B7200D50C4C /* CalculatorBrain.swift in Sources */ = {isa = PBXBuildFile; fileRef = 85CFACED1E830B7200D50C4C /* CalculatorBrain.swift */; };
/* End PBXBuildFile section */

/* Begin PBXFileReference section */
		85CFACD71E82F4EC00D50C4C /* Calculator.app */ = {isa = PBXFileReference; explicitFileType = wrapper.application; includeInIndex = 0; path = Calculator.app; sourceTree = BUILT_PRODUCTS_DIR; };
		85CFACDA1E82F4EC00D50C4C /* AppDelegate.swift */ = {isa = PBXFileReference; lastKnownFileType = sourcecode.swift; path = AppDelegate.swift; sourceTree = "<group>"; };
		85CFACDC1E82F4EC00D50C4C /* ViewController.swift */ = {isa = PBXFileReference; lastKnownFileType = sourcecode.swift; path = ViewController.swift; sourceTree = "<group>"; };
		85CFACDF1E82F4EC00D50C4C /* Base */ = {isa = PBXFileReference; lastKnownFileType = file.storyboard; name = Base; path = Base.lproj/Main.storyboard; sourceTree = "<group>"; };
		85CFACE11E82F4EC00D50C4C /* Assets.xcassets */ = {isa = PBXFileReference; lastKnownFileType = folder.assetcatalog; path = Assets.xcassets; sourceTree = "<group>"; };
		85CFACE41E82F4EC00D50C4C /* Base */ = {isa = PBXFileReference; lastKnownFileType = file.storyboard; name = Base; path = Base.lproj/LaunchScreen.storyboard; sourceTree = "<group>"; };
		85CFACE61E82F4EC00D50C4C /* Info.plist */ = {isa = PBXFileReference; lastKnownFileType = text.plist.xml; path = Info.plist; sourceTree = "<group>"; };
		85CFACED1E830B7200D50C4C /* CalculatorBrain.swift */ = {isa = PBXFileReference; fileEncoding = 4; lastKnownFileType = sourcecode.swift; path = CalculatorBrain.swift; sourceTree = "<group>"; };
/* End PBXFileReference section */

/* Begin PBXFrameworksBuildPhase section */
		85CFACD41E82F4EC00D50C4C /* Frameworks */ = {
			isa = PBXFrameworksBuildPhase;
			buildActionMask = 2147483647;
			files = (
			);
			runOnlyForDeploymentPostprocessing = 0;
		};
/* End PBXFrameworksBuildPhase section */

/* Begin PBXGroup section */
		85CFACCE1E82F4EC00D50C4C = {
			isa = PBXGroup;
			children = (
				85CFACD91E82F4EC00D50C4C /* Calculator */,
				85CFACD81E82F4EC00D50C4C /* Products */,
			);
			sourceTree = "<group>";
		};
		85CFACD81E82F4EC00D50C4C /* Products */ = {
			isa = PBXGroup;
			children = (
				85CFACD71E82F4EC00D50C4C /* Calculator.app */,
			);
			name = Products;
			sourceTree = "<group>";
		};
		85CFACD91E82F4EC00D50C4C /* Calculator */ = {
			isa = PBXGroup;
			children = (
				85CFACED1E830B7200D50C4C /* CalculatorBrain.swift */,
				85CFACDC1E82F4EC00D50C4C /* ViewController.swift */,
				85CFACDE1E82F4EC00D50C4C /* Main.storyboard */,
				85CFACEC1E82F58D00D50C4C /* Supporting Files */,
			);
			path = Calculator;
			sourceTree = "<group>";
		};
		85CFACEC1E82F58D00D50C4C /* Supporting Files */ = {
			isa = PBXGroup;
			children = (
				85CFACDA1E82F4EC00D50C4C /* AppDelegate.swift */,
				85CFACE11E82F4EC00D50C4C /* Assets.xcassets */,
				85CFACE31E82F4EC00D50C4C /* LaunchScreen.storyboard */,
				85CFACE61E82F4EC00D50C4C /* Info.plist */,
			);
			name = "Supporting Files";
			sourceTree = "<group>";
		};
/* End PBXGroup section */

/* Begin PBXNativeTarget section */
		85CFACD61E82F4EC00D50C4C /* Calculator */ = {
			isa = PBXNativeTarget;
			buildConfigurationList = 85CFACE91E82F4EC00D50C4C /* Build configuration list for PBXNativeTarget "Calculator" */;
			buildPhases = (
				85CFACD31E82F4EC00D50C4C /* Sources */,
				85CFACD41E82F4EC00D50C4C /* Frameworks */,
				85CFACD51E82F4EC00D50C4C /* Resources */,
			);
			buildRules = (
			);
			dependencies = (
			);
			name = Calculator;
			productName = Calculator;
			productReference = 85CFACD71E82F4EC00D50C4C /* Calculator.app */;
			productType = "com.apple.product-type.application";
		};
/* End PBXNativeTarget section */

/* Begin PBXProject section */
		85CFACCF1E82F4EC00D50C4C /* Project object */ = {
			isa = PBXProject;
			attributes = {
				LastSwiftUpdateCheck = 0820;
				LastUpgradeCheck = 0820;
				ORGANIZATIONNAME = Gavrysh;
				TargetAttributes = {
					85CFACD61E82F4EC00D50C4C = {
						CreatedOnToolsVersion = 8.2.1;
						ProvisioningStyle = Automatic;
					};
				};
			};
			buildConfigurationList = 85CFACD21E82F4EC00D50C4C /* Build configuration list for PBXProject "Calculator" */;
			compatibilityVersion = "Xcode 3.2";
			developmentRegion = English;
			hasScannedForEncodings = 0;
			knownRegions = (
				en,
				Base,
			);
			mainGroup = 85CFACCE1E82F4EC00D50C4C;
			productRefGroup = 85CFACD81E82F4EC00D50C4C /* Products */;
			projectDirPath = "";
			projectRoot = "";
			targets = (
				85CFACD61E82F4EC00D50C4C /* Calculator */,
			);
		};
/* End PBXProject section */

/* Begin PBXResourcesBuildPhase section */
		85CFACD51E82F4EC00D50C4C /* Resources */ = {
			isa = PBXResourcesBuildPhase;
			buildActionMask = 2147483647;
			files = (
				85CFACE51E82F4EC00D50C4C /* LaunchScreen.storyboard in Resources */,
				85CFACE21E82F4EC00D50C4C /* Assets.xcassets in Resources */,
				85CFACE01E82F4EC00D50C4C /* Main.storyboard in Resources */,
			);
			runOnlyForDeploymentPostprocessing = 0;
		};
/* End PBXResourcesBuildPhase section */

/* Begin PBXSourcesBuildPhase section */
		85CFACD31E82F4EC00D50C4C /* Sources */ = {
			isa = PBXSourcesBuildPhase;
			buildActionMask = 2147483647;
			files = (
				85CFACEE1E830B7200D50C4C /* CalculatorBrain.swift in Sources */,
				85CFACDD1E82F4EC00D50C4C /* ViewController.swift in Sources */,
				85CFACDB1E82F4EC00D50C4C /* AppDelegate.swift in Sources */,
			);
			runOnlyForDeploymentPostprocessing = 0;
		};
/* End PBXSourcesBuildPhase section */

/* Begin PBXVariantGroup section */
		85CFACDE1E82F4EC00D50C4C /* Main.storyboard */ = {
			isa = PBXVariantGroup;
			children = (
				85CFACDF1E82F4EC00D50C4C /* Base */,
			);
			name = Main.storyboard;
			sourceTree = "<group>";
		};
		85CFACE31E82F4EC00D50C4C /* LaunchScreen.storyboard */ = {
			isa = PBXVariantGroup;
			children = (
				85CFACE41E82F4EC00D50C4C /* Base */,
			);
			name = LaunchScreen.storyboard;
			sourceTree = "<group>";
		};
/* End PBXVariantGroup section */

/* Begin XCBuildConfiguration section */
		85CFACE71E82F4EC00D50C4C /* Debug */ = {
			isa = XCBuildConfiguration;
			buildSettings = {
				ALWAYS_SEARCH_USER_PATHS = NO;
				CLANG_ANALYZER_NONNULL = YES;
				CLANG_CXX_LANGUAGE_STANDARD = "gnu++0x";
				CLANG_CXX_LIBRARY = "libc++";
				CLANG_ENABLE_MODULES = YES;
				CLANG_ENABLE_OBJC_ARC = YES;
				CLANG_WARN_BOOL_CONVERSION = YES;
				CLANG_WARN_CONSTANT_CONVERSION = YES;
				CLANG_WARN_DIRECT_OBJC_ISA_USAGE = YES_ERROR;
				CLANG_WARN_DOCUMENTATION_COMMENTS = YES;
				CLANG_WARN_EMPTY_BODY = YES;
				CLANG_WARN_ENUM_CONVERSION = YES;
				CLANG_WARN_INFINITE_RECURSION = YES;
				CLANG_WARN_INT_CONVERSION = YES;
				CLANG_WARN_OBJC_ROOT_CLASS = YES_ERROR;
				CLANG_WARN_SUSPICIOUS_MOVE = YES;
				CLANG_WARN_UNREACHABLE_CODE = YES;
				CLANG_WARN__DUPLICATE_METHOD_MATCH = YES;
				"CODE_SIGN_IDENTITY[sdk=iphoneos*]" = "iPhone Developer";
				COPY_PHASE_STRIP = NO;
				DEBUG_INFORMATION_FORMAT = dwarf;
				ENABLE_STRICT_OBJC_MSGSEND = YES;
				ENABLE_TESTABILITY = YES;
				GCC_C_LANGUAGE_STANDARD = gnu99;
				GCC_DYNAMIC_NO_PIC = NO;
				GCC_NO_COMMON_BLOCKS = YES;
				GCC_OPTIMIZATION_LEVEL = 0;
				GCC_PREPROCESSOR_DEFINITIONS = (
					"DEBUG=1",
					"$(inherited)",
				);
				GCC_WARN_64_TO_32_BIT_CONVERSION = YES;
				GCC_WARN_ABOUT_RETURN_TYPE = YES_ERROR;
				GCC_WARN_UNDECLARED_SELECTOR = YES;
				GCC_WARN_UNINITIALIZED_AUTOS = YES_AGGRESSIVE;
				GCC_WARN_UNUSED_FUNCTION = YES;
				GCC_WARN_UNUSED_VARIABLE = YES;
				IPHONEOS_DEPLOYMENT_TARGET = 10.2;
				MTL_ENABLE_DEBUG_INFO = YES;
				ONLY_ACTIVE_ARCH = YES;
				SDKROOT = iphoneos;
				SWIFT_ACTIVE_COMPILATION_CONDITIONS = DEBUG;
				SWIFT_OPTIMIZATION_LEVEL = "-Onone";
				TARGETED_DEVICE_FAMILY = "1,2";
			};
			name = Debug;
		};
		85CFACE81E82F4EC00D50C4C /* Release */ = {
			isa = XCBuildConfiguration;
			buildSettings = {
				ALWAYS_SEARCH_USER_PATHS = NO;
				CLANG_ANALYZER_NONNULL = YES;
				CLANG_CXX_LANGUAGE_STANDARD = "gnu++0x";
				CLANG_CXX_LIBRARY = "libc++";
				CLANG_ENABLE_MODULES = YES;
				CLANG_ENABLE_OBJC_ARC = YES;
				CLANG_WARN_BOOL_CONVERSION = YES;
				CLANG_WARN_CONSTANT_CONVERSION = YES;
				CLANG_WARN_DIRECT_OBJC_ISA_USAGE = YES_ERROR;
				CLANG_WARN_DOCUMENTATION_COMMENTS = YES;
				CLANG_WARN_EMPTY_BODY = YES;
				CLANG_WARN_ENUM_CONVERSION = YES;
				CLANG_WARN_INFINITE_RECURSION = YES;
				CLANG_WARN_INT_CONVERSION = YES;
				CLANG_WARN_OBJC_ROOT_CLASS = YES_ERROR;
				CLANG_WARN_SUSPICIOUS_MOVE = YES;
				CLANG_WARN_UNREACHABLE_CODE = YES;
				CLANG_WARN__DUPLICATE_METHOD_MATCH = YES;
				"CODE_SIGN_IDENTITY[sdk=iphoneos*]" = "iPhone Developer";
				COPY_PHASE_STRIP = NO;
				DEBUG_INFORMATION_FORMAT = "dwarf-with-dsym";
				ENABLE_NS_ASSERTIONS = NO;
				ENABLE_STRICT_OBJC_MSGSEND = YES;
				GCC_C_LANGUAGE_STANDARD = gnu99;
				GCC_NO_COMMON_BLOCKS = YES;
				GCC_WARN_64_TO_32_BIT_CONVERSION = YES;
				GCC_WARN_ABOUT_RETURN_TYPE = YES_ERROR;
				GCC_WARN_UNDECLARED_SELECTOR = YES;
				GCC_WARN_UNINITIALIZED_AUTOS = YES_AGGRESSIVE;
				GCC_WARN_UNUSED_FUNCTION = YES;
				GCC_WARN_UNUSED_VARIABLE = YES;
				IPHONEOS_DEPLOYMENT_TARGET = 10.2;
				MTL_ENABLE_DEBUG_INFO = NO;
				SDKROOT = iphoneos;
				SWIFT_OPTIMIZATION_LEVEL = "-Owholemodule";
				TARGETED_DEVICE_FAMILY = "1,2";
				VALIDATE_PRODUCT = YES;
			};
			name = Release;
		};
		85CFACEA1E82F4EC00D50C4C /* Debug */ = {
			isa = XCBuildConfiguration;
			buildSettings = {
				ASSETCATALOG_COMPILER_APPICON_NAME = AppIcon;
				INFOPLIST_FILE = Calculator/Info.plist;
				LD_RUNPATH_SEARCH_PATHS = "$(inherited) @executable_path/Frameworks";
				PRODUCT_BUNDLE_IDENTIFIER = com.ievgengavryshcompany.Calculator;
				PRODUCT_NAME = "$(TARGET_NAME)";
				SWIFT_VERSION = 3.0;
			};
			name = Debug;
		};
		85CFACEB1E82F4EC00D50C4C /* Release */ = {
			isa = XCBuildConfiguration;
			buildSettings = {
				ASSETCATALOG_COMPILER_APPICON_NAME = AppIcon;
				INFOPLIST_FILE = Calculator/Info.plist;
				LD_RUNPATH_SEARCH_PATHS = "$(inherited) @executable_path/Frameworks";
				PRODUCT_BUNDLE_IDENTIFIER = com.ievgengavryshcompany.Calculator;
				PRODUCT_NAME = "$(TARGET_NAME)";
				SWIFT_VERSION = 3.0;
			};
			name = Release;
		};
/* End XCBuildConfiguration section */

/* Begin XCConfigurationList section */
		85CFACD21E82F4EC00D50C4C /* Build configuration list for PBXProject "Calculator" */ = {
			isa = XCConfigurationList;
			buildConfigurations = (
				85CFACE71E82F4EC00D50C4C /* Debug */,
				85CFACE81E82F4EC00D50C4C /* Release */,
			);
			defaultConfigurationIsVisible = 0;
			defaultConfigurationName = Release;
		};
		85CFACE91E82F4EC00D50C4C /* Build configuration list for PBXNativeTarget "Calculator" */ = {
			isa = XCConfigurationList;
			buildConfigurations = (
				85CFACEA1E82F4EC00D50C4C /* Debug */,
				85CFACEB1E82F4EC00D50C4C /* Release */,
			);
			defaultConfigurationIsVisible = 0;
		};
/* End XCConfigurationList section */
	};
	rootObject = 85CFACCF1E82F4EC00D50C4C /* Project object */;
}
